// !$*UTF8*$!
{
	archiveVersion = 1;
	classes = {
	};
	objectVersion = 50;
	objects = {

/* Begin PBXBuildFile section */
		A9392A8E2619B2C9004E17D7 /* AppDelegate.swift in Sources */ = {isa = PBXBuildFile; fileRef = A9392A8D2619B2C9004E17D7 /* AppDelegate.swift */; };
		A9392A902619B2C9004E17D7 /* SceneDelegate.swift in Sources */ = {isa = PBXBuildFile; fileRef = A9392A8F2619B2C9004E17D7 /* SceneDelegate.swift */; };
		A9392A972619B2CD004E17D7 /* Assets.xcassets in Resources */ = {isa = PBXBuildFile; fileRef = A9392A962619B2CD004E17D7 /* Assets.xcassets */; };
		A9392A9A2619B2CD004E17D7 /* LaunchScreen.storyboard in Resources */ = {isa = PBXBuildFile; fileRef = A9392A982619B2CD004E17D7 /* LaunchScreen.storyboard */; };
		A9392AA42619B389004E17D7 /* CarListVC.swift in Sources */ = {isa = PBXBuildFile; fileRef = A9392AA32619B389004E17D7 /* CarListVC.swift */; };
		A9392AA72619B611004E17D7 /* CarVC.swift in Sources */ = {isa = PBXBuildFile; fileRef = A9392AA62619B611004E17D7 /* CarVC.swift */; };
		A9392AAA2619B7F9004E17D7 /* CarModel.swift in Sources */ = {isa = PBXBuildFile; fileRef = A9392AA92619B7F9004E17D7 /* CarModel.swift */; };
		A9392AAD2619C0BB004E17D7 /* CellPhoto.swift in Sources */ = {isa = PBXBuildFile; fileRef = A9392AAC2619C0BB004E17D7 /* CellPhoto.swift */; };
		A9392AB02619C0E0004E17D7 /* CellTextField.swift in Sources */ = {isa = PBXBuildFile; fileRef = A9392AAF2619C0E0004E17D7 /* CellTextField.swift */; };
		A9392AB32619C110004E17D7 /* CellSwitch.swift in Sources */ = {isa = PBXBuildFile; fileRef = A9392AB22619C110004E17D7 /* CellSwitch.swift */; };
		A9392AB62619C137004E17D7 /* CellTextView.swift in Sources */ = {isa = PBXBuildFile; fileRef = A9392AB52619C137004E17D7 /* CellTextView.swift */; };
		A9392AB92619C273004E17D7 /* CellRating.swift in Sources */ = {isa = PBXBuildFile; fileRef = A9392AB82619C273004E17D7 /* CellRating.swift */; };
		A9392ABD2619CE28004E17D7 /* String.swift in Sources */ = {isa = PBXBuildFile; fileRef = A9392ABC2619CE28004E17D7 /* String.swift */; };
		A97849F9264E5B52003FDD73 /* CellCar.swift in Sources */ = {isa = PBXBuildFile; fileRef = A97849F8264E5B52003FDD73 /* CellCar.swift */; };
/* End PBXBuildFile section */

/* Begin PBXFileReference section */
		A9392A8A2619B2C9004E17D7 /* Lesson 26.app */ = {isa = PBXFileReference; explicitFileType = wrapper.application; includeInIndex = 0; path = "Lesson 26.app"; sourceTree = BUILT_PRODUCTS_DIR; };
		A9392A8D2619B2C9004E17D7 /* AppDelegate.swift */ = {isa = PBXFileReference; lastKnownFileType = sourcecode.swift; path = AppDelegate.swift; sourceTree = "<group>"; };
		A9392A8F2619B2C9004E17D7 /* SceneDelegate.swift */ = {isa = PBXFileReference; lastKnownFileType = sourcecode.swift; path = SceneDelegate.swift; sourceTree = "<group>"; };
		A9392A962619B2CD004E17D7 /* Assets.xcassets */ = {isa = PBXFileReference; lastKnownFileType = folder.assetcatalog; path = Assets.xcassets; sourceTree = "<group>"; };
		A9392A992619B2CD004E17D7 /* Base */ = {isa = PBXFileReference; lastKnownFileType = file.storyboard; name = Base; path = Base.lproj/LaunchScreen.storyboard; sourceTree = "<group>"; };
		A9392A9B2619B2CD004E17D7 /* Info.plist */ = {isa = PBXFileReference; lastKnownFileType = text.plist.xml; path = Info.plist; sourceTree = "<group>"; };
		A9392AA32619B389004E17D7 /* CarListVC.swift */ = {isa = PBXFileReference; lastKnownFileType = sourcecode.swift; path = CarListVC.swift; sourceTree = "<group>"; };
		A9392AA62619B611004E17D7 /* CarVC.swift */ = {isa = PBXFileReference; lastKnownFileType = sourcecode.swift; path = CarVC.swift; sourceTree = "<group>"; };
		A9392AA92619B7F9004E17D7 /* CarModel.swift */ = {isa = PBXFileReference; lastKnownFileType = sourcecode.swift; path = CarModel.swift; sourceTree = "<group>"; };
		A9392AAC2619C0BB004E17D7 /* CellPhoto.swift */ = {isa = PBXFileReference; lastKnownFileType = sourcecode.swift; path = CellPhoto.swift; sourceTree = "<group>"; };
		A9392AAF2619C0E0004E17D7 /* CellTextField.swift */ = {isa = PBXFileReference; lastKnownFileType = sourcecode.swift; path = CellTextField.swift; sourceTree = "<group>"; };
		A9392AB22619C110004E17D7 /* CellSwitch.swift */ = {isa = PBXFileReference; lastKnownFileType = sourcecode.swift; path = CellSwitch.swift; sourceTree = "<group>"; };
		A9392AB52619C137004E17D7 /* CellTextView.swift */ = {isa = PBXFileReference; lastKnownFileType = sourcecode.swift; path = CellTextView.swift; sourceTree = "<group>"; };
		A9392AB82619C273004E17D7 /* CellRating.swift */ = {isa = PBXFileReference; lastKnownFileType = sourcecode.swift; path = CellRating.swift; sourceTree = "<group>"; };
		A9392ABC2619CE28004E17D7 /* String.swift */ = {isa = PBXFileReference; lastKnownFileType = sourcecode.swift; path = String.swift; sourceTree = "<group>"; };
		A97849F8264E5B52003FDD73 /* CellCar.swift */ = {isa = PBXFileReference; lastKnownFileType = sourcecode.swift; path = CellCar.swift; sourceTree = "<group>"; };
/* End PBXFileReference section */

/* Begin PBXFrameworksBuildPhase section */
		A9392A872619B2C9004E17D7 /* Frameworks */ = {
			isa = PBXFrameworksBuildPhase;
			buildActionMask = 2147483647;
			files = (
			);
			runOnlyForDeploymentPostprocessing = 0;
		};
/* End PBXFrameworksBuildPhase section */

/* Begin PBXGroup section */
		A9392A812619B2C9004E17D7 = {
			isa = PBXGroup;
			children = (
				A9392A8C2619B2C9004E17D7 /* Lesson 26 */,
				A9392A8B2619B2C9004E17D7 /* Products */,
			);
			sourceTree = "<group>";
		};
		A9392A8B2619B2C9004E17D7 /* Products */ = {
			isa = PBXGroup;
			children = (
				A9392A8A2619B2C9004E17D7 /* Lesson 26.app */,
			);
			name = Products;
			sourceTree = "<group>";
		};
		A9392A8C2619B2C9004E17D7 /* Lesson 26 */ = {
			isa = PBXGroup;
			children = (
				A9392AC62619D0C2004E17D7 /* System Files */,
				A9392AC32619D033004E17D7 /* Controllers */,
				A9392AC12619D020004E17D7 /* Models */,
				A9392ABF2619CFCB004E17D7 /* Cells */,
				A9392ABB2619CDEA004E17D7 /* Extensions */,
			);
			path = "Lesson 26";
			sourceTree = "<group>";
		};
		A9392ABB2619CDEA004E17D7 /* Extensions */ = {
			isa = PBXGroup;
			children = (
				A9392ABC2619CE28004E17D7 /* String.swift */,
			);
			path = Extensions;
			sourceTree = "<group>";
		};
		A9392ABF2619CFCB004E17D7 /* Cells */ = {
			isa = PBXGroup;
			children = (
				A9392AAC2619C0BB004E17D7 /* CellPhoto.swift */,
				A9392AAF2619C0E0004E17D7 /* CellTextField.swift */,
				A9392AB22619C110004E17D7 /* CellSwitch.swift */,
				A9392AB82619C273004E17D7 /* CellRating.swift */,
				A9392AB52619C137004E17D7 /* CellTextView.swift */,
				A97849F8264E5B52003FDD73 /* CellCar.swift */,
			);
			path = Cells;
			sourceTree = "<group>";
		};
		A9392AC12619D020004E17D7 /* Models */ = {
			isa = PBXGroup;
			children = (
				A9392AA92619B7F9004E17D7 /* CarModel.swift */,
			);
			path = Models;
			sourceTree = "<group>";
		};
		A9392AC32619D033004E17D7 /* Controllers */ = {
			isa = PBXGroup;
			children = (
				A9392AA32619B389004E17D7 /* CarListVC.swift */,
				A9392AA62619B611004E17D7 /* CarVC.swift */,
			);
			path = Controllers;
			sourceTree = "<group>";
		};
		A9392AC62619D0C2004E17D7 /* System Files */ = {
			isa = PBXGroup;
			children = (
				A9392A8D2619B2C9004E17D7 /* AppDelegate.swift */,
				A9392A8F2619B2C9004E17D7 /* SceneDelegate.swift */,
				A9392A962619B2CD004E17D7 /* Assets.xcassets */,
				A9392A982619B2CD004E17D7 /* LaunchScreen.storyboard */,
				A9392A9B2619B2CD004E17D7 /* Info.plist */,
			);
			path = "System Files";
			sourceTree = "<group>";
		};
/* End PBXGroup section */

/* Begin PBXNativeTarget section */
		A9392A892619B2C9004E17D7 /* Lesson 26 */ = {
			isa = PBXNativeTarget;
			buildConfigurationList = A9392A9E2619B2CD004E17D7 /* Build configuration list for PBXNativeTarget "Lesson 26" */;
			buildPhases = (
				A9392A862619B2C9004E17D7 /* Sources */,
				A9392A872619B2C9004E17D7 /* Frameworks */,
				A9392A882619B2C9004E17D7 /* Resources */,
			);
			buildRules = (
			);
			dependencies = (
			);
			name = "Lesson 26";
			productName = "Lesson 26";
			productReference = A9392A8A2619B2C9004E17D7 /* Lesson 26.app */;
			productType = "com.apple.product-type.application";
		};
/* End PBXNativeTarget section */

/* Begin PBXProject section */
		A9392A822619B2C9004E17D7 /* Project object */ = {
			isa = PBXProject;
			attributes = {
				LastSwiftUpdateCheck = 1240;
				LastUpgradeCheck = 1240;
				TargetAttributes = {
					A9392A892619B2C9004E17D7 = {
						CreatedOnToolsVersion = 12.4;
					};
				};
			};
			buildConfigurationList = A9392A852619B2C9004E17D7 /* Build configuration list for PBXProject "Lesson 26" */;
			compatibilityVersion = "Xcode 9.3";
			developmentRegion = en;
			hasScannedForEncodings = 0;
			knownRegions = (
				en,
				Base,
			);
			mainGroup = A9392A812619B2C9004E17D7;
			productRefGroup = A9392A8B2619B2C9004E17D7 /* Products */;
			projectDirPath = "";
			projectRoot = "";
			targets = (
				A9392A892619B2C9004E17D7 /* Lesson 26 */,
			);
		};
/* End PBXProject section */

/* Begin PBXResourcesBuildPhase section */
		A9392A882619B2C9004E17D7 /* Resources */ = {
			isa = PBXResourcesBuildPhase;
			buildActionMask = 2147483647;
			files = (
				A9392A9A2619B2CD004E17D7 /* LaunchScreen.storyboard in Resources */,
				A9392A972619B2CD004E17D7 /* Assets.xcassets in Resources */,
			);
			runOnlyForDeploymentPostprocessing = 0;
		};
/* End PBXResourcesBuildPhase section */

/* Begin PBXSourcesBuildPhase section */
		A9392A862619B2C9004E17D7 /* Sources */ = {
			isa = PBXSourcesBuildPhase;
			buildActionMask = 2147483647;
			files = (
				A9392AAD2619C0BB004E17D7 /* CellPhoto.swift in Sources */,
				A9392ABD2619CE28004E17D7 /* String.swift in Sources */,
				A97849F9264E5B52003FDD73 /* CellCar.swift in Sources */,
				A9392AA42619B389004E17D7 /* CarListVC.swift in Sources */,
				A9392AB02619C0E0004E17D7 /* CellTextField.swift in Sources */,
				A9392AAA2619B7F9004E17D7 /* CarModel.swift in Sources */,
				A9392AA72619B611004E17D7 /* CarVC.swift in Sources */,
				A9392AB32619C110004E17D7 /* CellSwitch.swift in Sources */,
				A9392A8E2619B2C9004E17D7 /* AppDelegate.swift in Sources */,
				A9392A902619B2C9004E17D7 /* SceneDelegate.swift in Sources */,
				A9392AB92619C273004E17D7 /* CellRating.swift in Sources */,
				A9392AB62619C137004E17D7 /* CellTextView.swift in Sources */,
			);
			runOnlyForDeploymentPostprocessing = 0;
		};
/* End PBXSourcesBuildPhase section */

/* Begin PBXVariantGroup section */
		A9392A982619B2CD004E17D7 /* LaunchScreen.storyboard */ = {
			isa = PBXVariantGroup;
			children = (
				A9392A992619B2CD004E17D7 /* Base */,
			);
			name = LaunchScreen.storyboard;
			sourceTree = "<group>";
		};
/* End PBXVariantGroup section */

/* Begin XCBuildConfiguration section */
		A9392A9C2619B2CD004E17D7 /* Debug */ = {
			isa = XCBuildConfiguration;
			buildSettings = {
				ALWAYS_SEARCH_USER_PATHS = NO;
				CLANG_ANALYZER_NONNULL = YES;
				CLANG_ANALYZER_NUMBER_OBJECT_CONVERSION = YES_AGGRESSIVE;
				CLANG_CXX_LANGUAGE_STANDARD = "gnu++14";
				CLANG_CXX_LIBRARY = "libc++";
				CLANG_ENABLE_MODULES = YES;
				CLANG_ENABLE_OBJC_ARC = YES;
				CLANG_ENABLE_OBJC_WEAK = YES;
				CLANG_WARN_BLOCK_CAPTURE_AUTORELEASING = YES;
				CLANG_WARN_BOOL_CONVERSION = YES;
				CLANG_WARN_COMMA = YES;
				CLANG_WARN_CONSTANT_CONVERSION = YES;
				CLANG_WARN_DEPRECATED_OBJC_IMPLEMENTATIONS = YES;
				CLANG_WARN_DIRECT_OBJC_ISA_USAGE = YES_ERROR;
				CLANG_WARN_DOCUMENTATION_COMMENTS = YES;
				CLANG_WARN_EMPTY_BODY = YES;
				CLANG_WARN_ENUM_CONVERSION = YES;
				CLANG_WARN_INFINITE_RECURSION = YES;
				CLANG_WARN_INT_CONVERSION = YES;
				CLANG_WARN_NON_LITERAL_NULL_CONVERSION = YES;
				CLANG_WARN_OBJC_IMPLICIT_RETAIN_SELF = YES;
				CLANG_WARN_OBJC_LITERAL_CONVERSION = YES;
				CLANG_WARN_OBJC_ROOT_CLASS = YES_ERROR;
				CLANG_WARN_QUOTED_INCLUDE_IN_FRAMEWORK_HEADER = YES;
				CLANG_WARN_RANGE_LOOP_ANALYSIS = YES;
				CLANG_WARN_STRICT_PROTOTYPES = YES;
				CLANG_WARN_SUSPICIOUS_MOVE = YES;
				CLANG_WARN_UNGUARDED_AVAILABILITY = YES_AGGRESSIVE;
				CLANG_WARN_UNREACHABLE_CODE = YES;
				CLANG_WARN__DUPLICATE_METHOD_MATCH = YES;
				COPY_PHASE_STRIP = NO;
				DEBUG_INFORMATION_FORMAT = dwarf;
				ENABLE_STRICT_OBJC_MSGSEND = YES;
				ENABLE_TESTABILITY = YES;
				GCC_C_LANGUAGE_STANDARD = gnu11;
				GCC_DYNAMIC_NO_PIC = NO;
				GCC_NO_COMMON_BLOCKS = YES;
				GCC_OPTIMIZATION_LEVEL = 0;
				GCC_PREPROCESSOR_DEFINITIONS = (
					"DEBUG=1",
					"$(inherited)",
				);
				GCC_WARN_64_TO_32_BIT_CONVERSION = YES;
				GCC_WARN_ABOUT_RETURN_TYPE = YES_ERROR;
				GCC_WARN_UNDECLARED_SELECTOR = YES;
				GCC_WARN_UNINITIALIZED_AUTOS = YES_AGGRESSIVE;
				GCC_WARN_UNUSED_FUNCTION = YES;
				GCC_WARN_UNUSED_VARIABLE = YES;
				IPHONEOS_DEPLOYMENT_TARGET = 14.4;
				MTL_ENABLE_DEBUG_INFO = INCLUDE_SOURCE;
				MTL_FAST_MATH = YES;
				ONLY_ACTIVE_ARCH = YES;
				SDKROOT = iphoneos;
				SWIFT_ACTIVE_COMPILATION_CONDITIONS = DEBUG;
				SWIFT_OPTIMIZATION_LEVEL = "-Onone";
			};
			name = Debug;
		};
		A9392A9D2619B2CD004E17D7 /* Release */ = {
			isa = XCBuildConfiguration;
			buildSettings = {
				ALWAYS_SEARCH_USER_PATHS = NO;
				CLANG_ANALYZER_NONNULL = YES;
				CLANG_ANALYZER_NUMBER_OBJECT_CONVERSION = YES_AGGRESSIVE;
				CLANG_CXX_LANGUAGE_STANDARD = "gnu++14";
				CLANG_CXX_LIBRARY = "libc++";
				CLANG_ENABLE_MODULES = YES;
				CLANG_ENABLE_OBJC_ARC = YES;
				CLANG_ENABLE_OBJC_WEAK = YES;
				CLANG_WARN_BLOCK_CAPTURE_AUTORELEASING = YES;
				CLANG_WARN_BOOL_CONVERSION = YES;
				CLANG_WARN_COMMA = YES;
				CLANG_WARN_CONSTANT_CONVERSION = YES;
				CLANG_WARN_DEPRECATED_OBJC_IMPLEMENTATIONS = YES;
				CLANG_WARN_DIRECT_OBJC_ISA_USAGE = YES_ERROR;
				CLANG_WARN_DOCUMENTATION_COMMENTS = YES;
				CLANG_WARN_EMPTY_BODY = YES;
				CLANG_WARN_ENUM_CONVERSION = YES;
				CLANG_WARN_INFINITE_RECURSION = YES;
				CLANG_WARN_INT_CONVERSION = YES;
				CLANG_WARN_NON_LITERAL_NULL_CONVERSION = YES;
				CLANG_WARN_OBJC_IMPLICIT_RETAIN_SELF = YES;
				CLANG_WARN_OBJC_LITERAL_CONVERSION = YES;
				CLANG_WARN_OBJC_ROOT_CLASS = YES_ERROR;
				CLANG_WARN_QUOTED_INCLUDE_IN_FRAMEWORK_HEADER = YES;
				CLANG_WARN_RANGE_LOOP_ANALYSIS = YES;
				CLANG_WARN_STRICT_PROTOTYPES = YES;
				CLANG_WARN_SUSPICIOUS_MOVE = YES;
				CLANG_WARN_UNGUARDED_AVAILABILITY = YES_AGGRESSIVE;
				CLANG_WARN_UNREACHABLE_CODE = YES;
				CLANG_WARN__DUPLICATE_METHOD_MATCH = YES;
				COPY_PHASE_STRIP = NO;
				DEBUG_INFORMATION_FORMAT = "dwarf-with-dsym";
				ENABLE_NS_ASSERTIONS = NO;
				ENABLE_STRICT_OBJC_MSGSEND = YES;
				GCC_C_LANGUAGE_STANDARD = gnu11;
				GCC_NO_COMMON_BLOCKS = YES;
				GCC_WARN_64_TO_32_BIT_CONVERSION = YES;
				GCC_WARN_ABOUT_RETURN_TYPE = YES_ERROR;
				GCC_WARN_UNDECLARED_SELECTOR = YES;
				GCC_WARN_UNINITIALIZED_AUTOS = YES_AGGRESSIVE;
				GCC_WARN_UNUSED_FUNCTION = YES;
				GCC_WARN_UNUSED_VARIABLE = YES;
				IPHONEOS_DEPLOYMENT_TARGET = 14.4;
				MTL_ENABLE_DEBUG_INFO = NO;
				MTL_FAST_MATH = YES;
				SDKROOT = iphoneos;
				SWIFT_COMPILATION_MODE = wholemodule;
				SWIFT_OPTIMIZATION_LEVEL = "-O";
				VALIDATE_PRODUCT = YES;
			};
			name = Release;
		};
		A9392A9F2619B2CD004E17D7 /* Debug */ = {
			isa = XCBuildConfiguration;
			buildSettings = {
				ASSETCATALOG_COMPILER_APPICON_NAME = AppIcon;
				ASSETCATALOG_COMPILER_GLOBAL_ACCENT_COLOR_NAME = AccentColor;
				CODE_SIGN_STYLE = Automatic;
				INFOPLIST_FILE = "$(SRCROOT)/Lesson 26/System Files/Info.plist";
				LD_RUNPATH_SEARCH_PATHS = (
					"$(inherited)",
					"@executable_path/Frameworks",
				);
				PRODUCT_BUNDLE_IDENTIFIER = "com-ilya.Lesson-26";
				PRODUCT_NAME = "$(TARGET_NAME)";
				SWIFT_VERSION = 5.0;
				TARGETED_DEVICE_FAMILY = "1,2";
			};
			name = Debug;
		};
		A9392AA02619B2CD004E17D7 /* Release */ = {
			isa = XCBuildConfiguration;
			buildSettings = {
				ASSETCATALOG_COMPILER_APPICON_NAME = AppIcon;
				ASSETCATALOG_COMPILER_GLOBAL_ACCENT_COLOR_NAME = AccentColor;
				CODE_SIGN_STYLE = Automatic;
				INFOPLIST_FILE = "$(SRCROOT)/Lesson 26/System Files/Info.plist";
				LD_RUNPATH_SEARCH_PATHS = (
					"$(inherited)",
					"@executable_path/Frameworks",
				);
				PRODUCT_BUNDLE_IDENTIFIER = "com-ilya.Lesson-26";
				PRODUCT_NAME = "$(TARGET_NAME)";
				SWIFT_VERSION = 5.0;
				TARGETED_DEVICE_FAMILY = "1,2";
			};
			name = Release;
		};
/* End XCBuildConfiguration section */

/* Begin XCConfigurationList section */
		A9392A852619B2C9004E17D7 /* Build configuration list for PBXProject "Lesson 26" */ = {
			isa = XCConfigurationList;
			buildConfigurations = (
				A9392A9C2619B2CD004E17D7 /* Debug */,
				A9392A9D2619B2CD004E17D7 /* Release */,
			);
			defaultConfigurationIsVisible = 0;
			defaultConfigurationName = Release;
		};
		A9392A9E2619B2CD004E17D7 /* Build configuration list for PBXNativeTarget "Lesson 26" */ = {
			isa = XCConfigurationList;
			buildConfigurations = (
				A9392A9F2619B2CD004E17D7 /* Debug */,
				A9392AA02619B2CD004E17D7 /* Release */,
			);
			defaultConfigurationIsVisible = 0;
			defaultConfigurationName = Release;
		};
/* End XCConfigurationList section */
	};
	rootObject = A9392A822619B2C9004E17D7 /* Project object */;
}
